{
  "name": "portfolio",
  "lockfileVersion": 3,
  "requires": true,
  "packages": {
    "": {
      "dependencies": {
        "@lumaai/luma-web": "^0.2.2",
        "cropperjs": "^2.1.1"
      }
    },
    "node_modules/@cropper/element": {
      "version": "2.1.1",
      "resolved": "https://registry.npmjs.org/@cropper/element/-/element-2.1.1.tgz",
      "integrity": "sha512-pthgIQq3PFAFRGUts96yrMgmMY/4rS/zKEq/Vvw7L0Ur09MgzrUg15z4k96K53bJ8XvNeXdQ0qIDw90gh4Xcug==",
      "license": "MIT",
      "dependencies": {
        "@cropper/utils": "^2.1.1"
      }
    },
    "node_modules/@cropper/element-canvas": {
      "version": "2.1.1",
      "resolved": "https://registry.npmjs.org/@cropper/element-canvas/-/element-canvas-2.1.1.tgz",
      "integrity": "sha512-QHiHnPHsykkc4salOiCLOIKWPK3sLQ1SzpJYFE/yQPvqTPu6ERZNcxVwB1x7WhNN+SdP0S0CEHPYIkgIfUo7VA==",
      "license": "MIT",
      "dependencies": {
        "@cropper/element": "^2.1.1",
        "@cropper/utils": "^2.1.1"
      }
    },
    "node_modules/@cropper/element-crosshair": {
      "version": "2.1.1",
      "resolved": "https://registry.npmjs.org/@cropper/element-crosshair/-/element-crosshair-2.1.1.tgz",
      "integrity": "sha512-DtZnOiY2RZSizDZzMUvya3wZ55YnWclf3hmIrLW6jdcFlQkYEbX6bkOyOJzQmEX0yIbmwMkXfFcMkEZ9dE1rJQ==",
      "license": "MIT",
      "dependencies": {
        "@cropper/element": "^2.1.1",
        "@cropper/utils": "^2.1.1"
      }
    },
    "node_modules/@cropper/element-grid": {
      "version": "2.1.1",
      "resolved": "https://registry.npmjs.org/@cropper/element-grid/-/element-grid-2.1.1.tgz",
      "integrity": "sha512-MZdPBh5QMU10T78nqG+5cK+gq4DHoWZvdOo+/wZ9/z3VH0u21sROeHOCnf0QAdxguPHSSFsPjzARK+ffS4Loog==",
      "license": "MIT",
      "dependencies": {
        "@cropper/element": "^2.1.1",
        "@cropper/utils": "^2.1.1"
      }
    },
    "node_modules/@cropper/element-handle": {
      "version": "2.1.1",
      "resolved": "https://registry.npmjs.org/@cropper/element-handle/-/element-handle-2.1.1.tgz",
      "integrity": "sha512-TmSSphyMr2NEA0DqUTf9PCN8kcpzM0BxreOMyzbfuq1NUUePV1LxYgSOUT7dftMjZnTcu8cHQeFYa69U2BZnBA==",
      "license": "MIT",
      "dependencies": {
        "@cropper/element": "^2.1.1",
        "@cropper/utils": "^2.1.1"
      }
    },
    "node_modules/@cropper/element-image": {
      "version": "2.1.1",
      "resolved": "https://registry.npmjs.org/@cropper/element-image/-/element-image-2.1.1.tgz",
      "integrity": "sha512-cldzN3hVJo0Luui+FDSIkmbQtwIjxWiTcTMLCMSi3hqIq6lc7YOBz+rC5R8AYnYV7YvsWonE6PrJZS+iZpBkdQ==",
      "license": "MIT",
      "dependencies": {
        "@cropper/element": "^2.1.1",
        "@cropper/element-canvas": "^2.1.1",
        "@cropper/utils": "^2.1.1"
      }
    },
    "node_modules/@cropper/element-selection": {
      "version": "2.1.1",
      "resolved": "https://registry.npmjs.org/@cropper/element-selection/-/element-selection-2.1.1.tgz",
      "integrity": "sha512-QtMYhcuR+8JG3QEv8iSRCfQEVYljor61vLPrnGCFIkDJhvcyEWDx4H/Kfn6Jrdo90PyXf2VbpTG7TgH8i/EZFg==",
      "license": "MIT",
      "dependencies": {
        "@cropper/element": "^2.1.1",
        "@cropper/element-canvas": "^2.1.1",
        "@cropper/element-image": "^2.1.1",
        "@cropper/utils": "^2.1.1"
      }
    },
    "node_modules/@cropper/element-shade": {
      "version": "2.1.1",
      "resolved": "https://registry.npmjs.org/@cropper/element-shade/-/element-shade-2.1.1.tgz",
      "integrity": "sha512-MhJVc3jC87TjQu4EfBnNFddL3LxvA+Wzjy1Qhyi0wNdeTAzs97uYJ3KwGVtvzPYP/4JaSU4JDpw+BfIdUqR0bg==",
      "license": "MIT",
      "dependencies": {
        "@cropper/element": "^2.1.1",
        "@cropper/element-canvas": "^2.1.1",
        "@cropper/element-selection": "^2.1.1",
        "@cropper/utils": "^2.1.1"
      }
    },
    "node_modules/@cropper/element-viewer": {
      "version": "2.1.1",
      "resolved": "https://registry.npmjs.org/@cropper/element-viewer/-/element-viewer-2.1.1.tgz",
      "integrity": "sha512-RpXTGW/rTtJVNd3/R3imdCBJzyZRhA/OeWNo7RID4qW7UYEiL6Lwh7Six3QhFIci/IaUAyL9NAAN10av2YWqog==",
      "license": "MIT",
      "dependencies": {
        "@cropper/element": "^2.1.1",
        "@cropper/element-canvas": "^2.1.1",
        "@cropper/element-image": "^2.1.1",
        "@cropper/element-selection": "^2.1.1",
        "@cropper/utils": "^2.1.1"
      }
    },
    "node_modules/@cropper/elements": {
      "version": "2.1.1",
      "resolved": "https://registry.npmjs.org/@cropper/elements/-/elements-2.1.1.tgz",
      "integrity": "sha512-cHShk4l6iExM4S6B1xx7+09gtDs+kdxWqe7Yv6DEbAyWhxVIVJyJAPpKlzLfA5MYnlSnkvCvY66hLLQPwooRMQ==",
      "license": "MIT",
      "dependencies": {
        "@cropper/element": "^2.1.1",
        "@cropper/element-canvas": "^2.1.1",
        "@cropper/element-crosshair": "^2.1.1",
        "@cropper/element-grid": "^2.1.1",
        "@cropper/element-handle": "^2.1.1",
        "@cropper/element-image": "^2.1.1",
        "@cropper/element-selection": "^2.1.1",
        "@cropper/element-shade": "^2.1.1",
        "@cropper/element-viewer": "^2.1.1"
      }
    },
    "node_modules/@cropper/utils": {
      "version": "2.1.1",
      "resolved": "https://registry.npmjs.org/@cropper/utils/-/utils-2.1.1.tgz",
      "integrity": "sha512-0eQs08WyQUNFMfU3ieE091dEQkrW0YdgZ3n6Thnk1EUQv45ypfiL+MevHwr7UzNnUlqUYR2FNSCgE6qBxK0sFw==",
      "license": "MIT"
    },
    "node_modules/@lumaai/luma-web": {
      "version": "0.2.2",
      "resolved": "https://registry.npmjs.org/@lumaai/luma-web/-/luma-web-0.2.2.tgz",
      "integrity": "sha512-NTzVK36cfeNVRuBAof6ghMITaVKGggLGp/BXNhx7jyhp5PpBFX9Q46ibw5Caxy+Kvm5xlCkG7ASCboO/ZHy05w==",
      "license": "MIT",
      "peerDependencies": {
        "@types/three": "^0.157.2",
        "three": "^0.157.0"
      }
    },
    "node_modules/@types/stats.js": {
      "version": "0.17.4",
      "resolved": "https://registry.npmjs.org/@types/stats.js/-/stats.js-0.17.4.tgz",
      "integrity": "sha512-jIBvWWShCvlBqBNIZt0KAshWpvSjhkwkEu4ZUcASoAvhmrgAUI2t1dXrjSL4xXVLB4FznPrIsX3nKXFl/Dt4vA==",
      "license": "MIT",
      "peer": true
    },
    "node_modules/@types/three": {
      "version": "0.157.2",
      "resolved": "https://registry.npmjs.org/@types/three/-/three-0.157.2.tgz",
      "integrity": "sha512-2kykrMgvO5LTAiahadM6ijoER+GcbEJ61pQVOyGxIJTCASoUnzwJvfhilsLxvEw4+glzhLYUDvvTvNjx+58Vzw==",
      "license": "MIT",
      "peer": true,
      "dependencies": {
        "@types/stats.js": "*",
        "@types/webxr": "*",
        "fflate": "~0.6.10",
        "meshoptimizer": "~0.18.1"
      }
    },
    "node_modules/@types/webxr": {
      "version": "0.5.24",
      "resolved": "https://registry.npmjs.org/@types/webxr/-/webxr-0.5.24.tgz",
      "integrity": "sha512-h8fgEd/DpoS9CBrjEQXR+dIDraopAEfu4wYVNY2tEPwk60stPWhvZMf4Foo5FakuQ7HFZoa8WceaWFervK2Ovg==",
      "license": "MIT",
      "peer": true
    },
    "node_modules/cropperjs": {
      "version": "2.1.1",
      "resolved": "https://registry.npmjs.org/cropperjs/-/cropperjs-2.1.1.tgz",
      "integrity": "sha512-FDJMarkY+/SepYarPZsvkG2LmI2PElecciMFnvBiBIoKnFYua/scprC5qejCLLyuX2jEqJRS2njbAsHxfjtIXA==",
      "license": "MIT",
      "dependencies": {
        "@cropper/elements": "^2.1.1",
        "@cropper/utils": "^2.1.1"
      }
    },
    "node_modules/fflate": {
      "version": "0.6.10",
      "resolved": "https://registry.npmjs.org/fflate/-/fflate-0.6.10.tgz",
      "integrity": "sha512-IQrh3lEPM93wVCEczc9SaAOvkmcoQn/G8Bo1e8ZPlY3X3bnAxWaBdvTdvM1hP62iZp0BXWDy4vTAy4fF0+Dlpg==",
      "license": "MIT",
      "peer": true
    },
    "node_modules/meshoptimizer": {
      "version": "0.18.1",
      "resolved": "https://registry.npmjs.org/meshoptimizer/-/meshoptimizer-0.18.1.tgz",
      "integrity": "sha512-ZhoIoL7TNV4s5B6+rx5mC//fw8/POGyNxS/DZyCJeiZ12ScLfVwRE/GfsxwiTkMYYD5DmK2/JXnEVXqL4rF+Sw==",
      "license": "MIT",
      "peer": true
    },
    "node_modules/three": {
      "version": "0.157.0",
      "resolved": "https://registry.npmjs.org/three/-/three-0.157.0.tgz",
      "integrity": "sha512-CeAwQrf4x3z0/e+MC4F+nXLW5t0gh3pw+L6CCBqpHvOq3bGYIgRYub7Pv0j/9wR+d++OiEglyZzWyuSYbwWGOA==",
      "license": "MIT",
      "peer": true
    }
  }
}
